// !$*UTF8*$!
{
	archiveVersion = 1;
	classes = {
	};
	objectVersion = 77;
	objects = {

/* Begin PBXBuildFile section */
		0BAD9BA377AD59616941AEFF /* PhotoSwipeView.swift in Sources */ = {isa = PBXBuildFile; fileRef = CBDF3BD4860EA434A124F363 /* PhotoSwipeView.swift */; };
		0E4128C5F5EB11E1C4C6A530 /* PhotoSwipeCleanerApp.swift in Sources */ = {isa = PBXBuildFile; fileRef = 8E13029A8128A7D4E39E06F7 /* PhotoSwipeCleanerApp.swift */; };
		25443A8D73119CE7365F7A98 /* LogoView.swift in Sources */ = {isa = PBXBuildFile; fileRef = 560DE0FA6B0B76F344E629F0 /* LogoView.swift */; };
		3778355A71E0180B791162E1 /* DuplicateCleanupView.swift in Sources */ = {isa = PBXBuildFile; fileRef = BCA955B5262327ECE0BBD255 /* DuplicateCleanupView.swift */; };
		3C745896C533FEFD0C6F3E8C /* PhotoSwipeViewModel.swift in Sources */ = {isa = PBXBuildFile; fileRef = 317189514E9043B87B92E9AD /* PhotoSwipeViewModel.swift */; };
		618EF68086417135EF5320E2 /* AssetIndexRecord.swift in Sources */ = {isa = PBXBuildFile; fileRef = EF4BA5867C5EBD54B85CD596 /* AssetIndexRecord.swift */; };
		629D450786435BB1C6A84282 /* ModelsAndCategoryTests.swift in Sources */ = {isa = PBXBuildFile; fileRef = 545BCA3640F6BC4B9ED5CB64 /* ModelsAndCategoryTests.swift */; };
		727099C8C9ABB39A6203757F /* PhotosServiceDuplicateTests.swift in Sources */ = {isa = PBXBuildFile; fileRef = B455233E19B99654ED258D59 /* PhotosServiceDuplicateTests.swift */; };
		8E5D7189A6221CD4E102DFFE /* PhotoIndexStoreTests.swift in Sources */ = {isa = PBXBuildFile; fileRef = F66E05894EC82AC0D89BD1CF /* PhotoIndexStoreTests.swift */; };
		9DE1D7EF2191579BF9F63D23 /* StatusView.swift in Sources */ = {isa = PBXBuildFile; fileRef = 60385E8A7F738E4EC8D0B498 /* StatusView.swift */; };
		AF690FAD868154B8FBDE581C /* PhotoSwipeCleanerUITests.swift in Sources */ = {isa = PBXBuildFile; fileRef = E8652FA62ADF4A9CF69451A2 /* PhotoSwipeCleanerUITests.swift */; };
		BB4E85982AC90E020693AB38 /* Photo.swift in Sources */ = {isa = PBXBuildFile; fileRef = EB0835524C6B5955AA8B3858 /* Photo.swift */; };
		C1FB6B8495F5FF42299985A8 /* Assets.xcassets in Resources */ = {isa = PBXBuildFile; fileRef = 9F369F33FD1442D9BF4C146E /* Assets.xcassets */; };
		C78F0FD2860EAB5F85D9C10B /* PhotoSwipeViewModelTests.swift in Sources */ = {isa = PBXBuildFile; fileRef = 140D19F606458E7791C11DD9 /* PhotoSwipeViewModelTests.swift */; };
		D54CAAA0E1C0E04A271699A8 /* PhotoIndexStore.swift in Sources */ = {isa = PBXBuildFile; fileRef = B302F759CFCB4A875CBF2FDB /* PhotoIndexStore.swift */; };
		D7E66344F48D15513F5721F5 /* PhotoCard.swift in Sources */ = {isa = PBXBuildFile; fileRef = 43287811D626B5FD63FBBC69 /* PhotoCard.swift */; };
		E16945046340E6D982BD1BAB /* Contents.json in Resources */ = {isa = PBXBuildFile; fileRef = 6C80D5AC9B99E25A3BF29B15 /* Contents.json */; };
		EAC8EF4B117BD489D82BD3C6 /* PhotoDetailView.swift in Sources */ = {isa = PBXBuildFile; fileRef = 35338DF33CDF0BEC9B70B588 /* PhotoDetailView.swift */; };
		F6379A3FD5405DE1AFF0A1E6 /* BatchConfirmationView.swift in Sources */ = {isa = PBXBuildFile; fileRef = ADDAF94C0E441B561BF1451B /* BatchConfirmationView.swift */; };
		FE6908BADA4DA26D6F3BE091 /* PhotosService.swift in Sources */ = {isa = PBXBuildFile; fileRef = 9196CD5A3F67E129B7651FFD /* PhotosService.swift */; };
/* End PBXBuildFile section */

/* Begin PBXContainerItemProxy section */
		0FB790B0FF9D9A3382B7FE59 /* PBXContainerItemProxy */ = {
			isa = PBXContainerItemProxy;
			containerPortal = 331E358E1BA715F6785ED13B /* Project object */;
			proxyType = 1;
			remoteGlobalIDString = 90C6BC90A065FFF2FC5C9650;
			remoteInfo = PhotoSwipeCleaner;
		};
		33EA539C3FA88197EEB46CC2 /* PBXContainerItemProxy */ = {
			isa = PBXContainerItemProxy;
			containerPortal = 331E358E1BA715F6785ED13B /* Project object */;
			proxyType = 1;
			remoteGlobalIDString = 90C6BC90A065FFF2FC5C9650;
			remoteInfo = PhotoSwipeCleaner;
		};
/* End PBXContainerItemProxy section */

/* Begin PBXFileReference section */
		140D19F606458E7791C11DD9 /* PhotoSwipeViewModelTests.swift */ = {isa = PBXFileReference; lastKnownFileType = sourcecode.swift; path = PhotoSwipeViewModelTests.swift; sourceTree = "<group>"; };
		317189514E9043B87B92E9AD /* PhotoSwipeViewModel.swift */ = {isa = PBXFileReference; lastKnownFileType = sourcecode.swift; path = PhotoSwipeViewModel.swift; sourceTree = "<group>"; };
		35338DF33CDF0BEC9B70B588 /* PhotoDetailView.swift */ = {isa = PBXFileReference; lastKnownFileType = sourcecode.swift; path = PhotoDetailView.swift; sourceTree = "<group>"; };
		43287811D626B5FD63FBBC69 /* PhotoCard.swift */ = {isa = PBXFileReference; lastKnownFileType = sourcecode.swift; path = PhotoCard.swift; sourceTree = "<group>"; };
		545BCA3640F6BC4B9ED5CB64 /* ModelsAndCategoryTests.swift */ = {isa = PBXFileReference; lastKnownFileType = sourcecode.swift; path = ModelsAndCategoryTests.swift; sourceTree = "<group>"; };
		560DE0FA6B0B76F344E629F0 /* LogoView.swift */ = {isa = PBXFileReference; lastKnownFileType = sourcecode.swift; path = LogoView.swift; sourceTree = "<group>"; };
		60385E8A7F738E4EC8D0B498 /* StatusView.swift */ = {isa = PBXFileReference; lastKnownFileType = sourcecode.swift; path = StatusView.swift; sourceTree = "<group>"; };
		63D278ACA52EE73A097EFE4A /* PhotoSwipeCleanerUITests.xctest */ = {isa = PBXFileReference; includeInIndex = 0; lastKnownFileType = wrapper.cfbundle; path = PhotoSwipeCleanerUITests.xctest; sourceTree = BUILT_PRODUCTS_DIR; };
		6C80D5AC9B99E25A3BF29B15 /* Contents.json */ = {isa = PBXFileReference; lastKnownFileType = text.json; path = Contents.json; sourceTree = "<group>"; };
		8E13029A8128A7D4E39E06F7 /* PhotoSwipeCleanerApp.swift */ = {isa = PBXFileReference; lastKnownFileType = sourcecode.swift; path = PhotoSwipeCleanerApp.swift; sourceTree = "<group>"; };
		8FC2A7D6CBDAE8453A197BEE /* PhotoSwipeCleaner.app */ = {isa = PBXFileReference; includeInIndex = 0; lastKnownFileType = wrapper.application; path = PhotoSwipeCleaner.app; sourceTree = BUILT_PRODUCTS_DIR; };
		9196CD5A3F67E129B7651FFD /* PhotosService.swift */ = {isa = PBXFileReference; lastKnownFileType = sourcecode.swift; path = PhotosService.swift; sourceTree = "<group>"; };
		9F369F33FD1442D9BF4C146E /* Assets.xcassets */ = {isa = PBXFileReference; lastKnownFileType = folder.assetcatalog; path = Assets.xcassets; sourceTree = "<group>"; };
		ADDAF94C0E441B561BF1451B /* BatchConfirmationView.swift */ = {isa = PBXFileReference; lastKnownFileType = sourcecode.swift; path = BatchConfirmationView.swift; sourceTree = "<group>"; };
		B302F759CFCB4A875CBF2FDB /* PhotoIndexStore.swift */ = {isa = PBXFileReference; lastKnownFileType = sourcecode.swift; path = PhotoIndexStore.swift; sourceTree = "<group>"; };
		B455233E19B99654ED258D59 /* PhotosServiceDuplicateTests.swift */ = {isa = PBXFileReference; lastKnownFileType = sourcecode.swift; path = PhotosServiceDuplicateTests.swift; sourceTree = "<group>"; };
		BCA955B5262327ECE0BBD255 /* DuplicateCleanupView.swift */ = {isa = PBXFileReference; lastKnownFileType = sourcecode.swift; path = DuplicateCleanupView.swift; sourceTree = "<group>"; };
		C47394A4F0E6FD3BAB2102F8 /* Info.plist */ = {isa = PBXFileReference; lastKnownFileType = text.plist; path = Info.plist; sourceTree = "<group>"; };
		CBDF3BD4860EA434A124F363 /* PhotoSwipeView.swift */ = {isa = PBXFileReference; lastKnownFileType = sourcecode.swift; path = PhotoSwipeView.swift; sourceTree = "<group>"; };
		E2F52DC71ACFB81372B7F226 /* PhotoSwipeCleanerTests.xctest */ = {isa = PBXFileReference; includeInIndex = 0; lastKnownFileType = wrapper.cfbundle; path = PhotoSwipeCleanerTests.xctest; sourceTree = BUILT_PRODUCTS_DIR; };
		E8652FA62ADF4A9CF69451A2 /* PhotoSwipeCleanerUITests.swift */ = {isa = PBXFileReference; lastKnownFileType = sourcecode.swift; path = PhotoSwipeCleanerUITests.swift; sourceTree = "<group>"; };
		EB0835524C6B5955AA8B3858 /* Photo.swift */ = {isa = PBXFileReference; lastKnownFileType = sourcecode.swift; path = Photo.swift; sourceTree = "<group>"; };
		EF4BA5867C5EBD54B85CD596 /* AssetIndexRecord.swift */ = {isa = PBXFileReference; lastKnownFileType = sourcecode.swift; path = AssetIndexRecord.swift; sourceTree = "<group>"; };
		F66E05894EC82AC0D89BD1CF /* PhotoIndexStoreTests.swift */ = {isa = PBXFileReference; lastKnownFileType = sourcecode.swift; path = PhotoIndexStoreTests.swift; sourceTree = "<group>"; };
/* End PBXFileReference section */

/* Begin PBXGroup section */
		34912E04B68A550F670C1530 /* Products */ = {
			isa = PBXGroup;
			children = (
				8FC2A7D6CBDAE8453A197BEE /* PhotoSwipeCleaner.app */,
				E2F52DC71ACFB81372B7F226 /* PhotoSwipeCleanerTests.xctest */,
				63D278ACA52EE73A097EFE4A /* PhotoSwipeCleanerUITests.xctest */,
			);
			name = Products;
			sourceTree = "<group>";
		};
		4CD167036F9C6425217172CC = {
			isa = PBXGroup;
			children = (
				6931042FADC66BE437695AAA /* PhotoSwipeCleaner */,
				5179D996DEB8259601925DD0 /* PhotoSwipeCleanerTests */,
				AF501E757C7C74989685853D /* PhotoSwipeCleanerUITests */,
				34912E04B68A550F670C1530 /* Products */,
			);
			sourceTree = "<group>";
		};
		5179D996DEB8259601925DD0 /* PhotoSwipeCleanerTests */ = {
			isa = PBXGroup;
			children = (
				545BCA3640F6BC4B9ED5CB64 /* ModelsAndCategoryTests.swift */,
				F66E05894EC82AC0D89BD1CF /* PhotoIndexStoreTests.swift */,
				B455233E19B99654ED258D59 /* PhotosServiceDuplicateTests.swift */,
				140D19F606458E7791C11DD9 /* PhotoSwipeViewModelTests.swift */,
			);
			path = PhotoSwipeCleanerTests;
			sourceTree = "<group>";
		};
		5F97013793CD27C650A60D43 /* Models */ = {
			isa = PBXGroup;
			children = (
				EF4BA5867C5EBD54B85CD596 /* AssetIndexRecord.swift */,
				EB0835524C6B5955AA8B3858 /* Photo.swift */,
			);
			path = Models;
			sourceTree = "<group>";
		};
		639DACADBDBEFC44054664DC /* Resources */ = {
			isa = PBXGroup;
			children = (
				9F369F33FD1442D9BF4C146E /* Assets.xcassets */,
				D6DB71AD06324DC177DA7E26 /* AppIcon.appiconset */,
			);
			path = Resources;
			sourceTree = "<group>";
		};
		6931042FADC66BE437695AAA /* PhotoSwipeCleaner */ = {
			isa = PBXGroup;
			children = (
				C47394A4F0E6FD3BAB2102F8 /* Info.plist */,
				B2F42C12A70F28332FEB1B81 /* App */,
				5F97013793CD27C650A60D43 /* Models */,
				639DACADBDBEFC44054664DC /* Resources */,
				FA03A4C07C66BD8E2C25FDA3 /* Services */,
				EC73657D8E6D7B8A1A1E371B /* ViewModels */,
				7776C926D42E395F01306812 /* Views */,
			);
			path = PhotoSwipeCleaner;
			sourceTree = "<group>";
		};
		7776C926D42E395F01306812 /* Views */ = {
			isa = PBXGroup;
			children = (
				ADDAF94C0E441B561BF1451B /* BatchConfirmationView.swift */,
				BCA955B5262327ECE0BBD255 /* DuplicateCleanupView.swift */,
				560DE0FA6B0B76F344E629F0 /* LogoView.swift */,
				43287811D626B5FD63FBBC69 /* PhotoCard.swift */,
				35338DF33CDF0BEC9B70B588 /* PhotoDetailView.swift */,
				CBDF3BD4860EA434A124F363 /* PhotoSwipeView.swift */,
				60385E8A7F738E4EC8D0B498 /* StatusView.swift */,
			);
			path = Views;
			sourceTree = "<group>";
		};
		AF501E757C7C74989685853D /* PhotoSwipeCleanerUITests */ = {
			isa = PBXGroup;
			children = (
				E8652FA62ADF4A9CF69451A2 /* PhotoSwipeCleanerUITests.swift */,
			);
			path = PhotoSwipeCleanerUITests;
			sourceTree = "<group>";
		};
		B2F42C12A70F28332FEB1B81 /* App */ = {
			isa = PBXGroup;
			children = (
				8E13029A8128A7D4E39E06F7 /* PhotoSwipeCleanerApp.swift */,
			);
			path = App;
			sourceTree = "<group>";
		};
		D6DB71AD06324DC177DA7E26 /* AppIcon.appiconset */ = {
			isa = PBXGroup;
			children = (
				6C80D5AC9B99E25A3BF29B15 /* Contents.json */,
			);
			path = AppIcon.appiconset;
			sourceTree = "<group>";
		};
		EC73657D8E6D7B8A1A1E371B /* ViewModels */ = {
			isa = PBXGroup;
			children = (
				317189514E9043B87B92E9AD /* PhotoSwipeViewModel.swift */,
			);
			path = ViewModels;
			sourceTree = "<group>";
		};
		FA03A4C07C66BD8E2C25FDA3 /* Services */ = {
			isa = PBXGroup;
			children = (
				B302F759CFCB4A875CBF2FDB /* PhotoIndexStore.swift */,
				9196CD5A3F67E129B7651FFD /* PhotosService.swift */,
			);
			path = Services;
			sourceTree = "<group>";
		};
/* End PBXGroup section */

/* Begin PBXNativeTarget section */
		27EF62DF39F0AC6EAE913A23 /* PhotoSwipeCleanerTests */ = {
			isa = PBXNativeTarget;
			buildConfigurationList = DBA50C67C0D7EE23741AF390 /* Build configuration list for PBXNativeTarget "PhotoSwipeCleanerTests" */;
			buildPhases = (
				94115FE36391512E272176AC /* Sources */,
			);
			buildRules = (
			);
			dependencies = (
				67E8C8C00F95990BACD35402 /* PBXTargetDependency */,
			);
			name = PhotoSwipeCleanerTests;
			packageProductDependencies = (
			);
			productName = PhotoSwipeCleanerTests;
			productReference = E2F52DC71ACFB81372B7F226 /* PhotoSwipeCleanerTests.xctest */;
			productType = "com.apple.product-type.bundle.unit-test";
		};
		308D5EFAF8B03CF0058F697C /* PhotoSwipeCleanerUITests */ = {
			isa = PBXNativeTarget;
			buildConfigurationList = FA031B17596921925FE809C4 /* Build configuration list for PBXNativeTarget "PhotoSwipeCleanerUITests" */;
			buildPhases = (
				E1600CE6EB5C928AB6A22309 /* Sources */,
			);
			buildRules = (
			);
			dependencies = (
				143A90509E01DBD687E2E0BE /* PBXTargetDependency */,
			);
			name = PhotoSwipeCleanerUITests;
			packageProductDependencies = (
			);
			productName = PhotoSwipeCleanerUITests;
			productReference = 63D278ACA52EE73A097EFE4A /* PhotoSwipeCleanerUITests.xctest */;
			productType = "com.apple.product-type.bundle.ui-testing";
		};
		90C6BC90A065FFF2FC5C9650 /* PhotoSwipeCleaner */ = {
			isa = PBXNativeTarget;
			buildConfigurationList = 6FB1B96AEB4BD2FB58EFD38A /* Build configuration list for PBXNativeTarget "PhotoSwipeCleaner" */;
			buildPhases = (
				BBDEBD611A577D2CF8B73301 /* Sources */,
				A10CEF70E6C813343491A3D3 /* Resources */,
			);
			buildRules = (
			);
			dependencies = (
			);
			name = PhotoSwipeCleaner;
			packageProductDependencies = (
			);
			productName = PhotoSwipeCleaner;
			productReference = 8FC2A7D6CBDAE8453A197BEE /* PhotoSwipeCleaner.app */;
			productType = "com.apple.product-type.application";
		};
/* End PBXNativeTarget section */

/* Begin PBXProject section */
		331E358E1BA715F6785ED13B /* Project object */ = {
			isa = PBXProject;
			attributes = {
				BuildIndependentTargetsInParallel = YES;
				LastUpgradeCheck = 1500;
				TargetAttributes = {
					27EF62DF39F0AC6EAE913A23 = {
						DevelopmentTeam = "";
						ProvisioningStyle = Automatic;
					};
					308D5EFAF8B03CF0058F697C = {
						DevelopmentTeam = "";
						ProvisioningStyle = Automatic;
						TestTargetID = 90C6BC90A065FFF2FC5C9650;
					};
					90C6BC90A065FFF2FC5C9650 = {
						DevelopmentTeam = "";
						ProvisioningStyle = Automatic;
					};
				};
			};
			buildConfigurationList = 542294B32168C91EA8800699 /* Build configuration list for PBXProject "PhotoSwipeCleaner" */;
			compatibilityVersion = "Xcode 14.0";
			developmentRegion = en;
			hasScannedForEncodings = 0;
			knownRegions = (
				Base,
				en,
			);
			mainGroup = 4CD167036F9C6425217172CC;
			minimizedProjectReferenceProxies = 1;
			preferredProjectObjectVersion = 77;
			projectDirPath = "";
			projectRoot = "";
			targets = (
				90C6BC90A065FFF2FC5C9650 /* PhotoSwipeCleaner */,
				27EF62DF39F0AC6EAE913A23 /* PhotoSwipeCleanerTests */,
				308D5EFAF8B03CF0058F697C /* PhotoSwipeCleanerUITests */,
			);
		};
/* End PBXProject section */

/* Begin PBXResourcesBuildPhase section */
		A10CEF70E6C813343491A3D3 /* Resources */ = {
			isa = PBXResourcesBuildPhase;
			buildActionMask = 2147483647;
			files = (
				C1FB6B8495F5FF42299985A8 /* Assets.xcassets in Resources */,
				E16945046340E6D982BD1BAB /* Contents.json in Resources */,
			);
			runOnlyForDeploymentPostprocessing = 0;
		};
/* End PBXResourcesBuildPhase section */

/* Begin PBXSourcesBuildPhase section */
		94115FE36391512E272176AC /* Sources */ = {
			isa = PBXSourcesBuildPhase;
			buildActionMask = 2147483647;
			files = (
				629D450786435BB1C6A84282 /* ModelsAndCategoryTests.swift in Sources */,
				8E5D7189A6221CD4E102DFFE /* PhotoIndexStoreTests.swift in Sources */,
				C78F0FD2860EAB5F85D9C10B /* PhotoSwipeViewModelTests.swift in Sources */,
				727099C8C9ABB39A6203757F /* PhotosServiceDuplicateTests.swift in Sources */,
			);
			runOnlyForDeploymentPostprocessing = 0;
		};
		BBDEBD611A577D2CF8B73301 /* Sources */ = {
			isa = PBXSourcesBuildPhase;
			buildActionMask = 2147483647;
			files = (
				618EF68086417135EF5320E2 /* AssetIndexRecord.swift in Sources */,
				F6379A3FD5405DE1AFF0A1E6 /* BatchConfirmationView.swift in Sources */,
				3778355A71E0180B791162E1 /* DuplicateCleanupView.swift in Sources */,
				25443A8D73119CE7365F7A98 /* LogoView.swift in Sources */,
				BB4E85982AC90E020693AB38 /* Photo.swift in Sources */,
				D7E66344F48D15513F5721F5 /* PhotoCard.swift in Sources */,
				EAC8EF4B117BD489D82BD3C6 /* PhotoDetailView.swift in Sources */,
				D54CAAA0E1C0E04A271699A8 /* PhotoIndexStore.swift in Sources */,
				0E4128C5F5EB11E1C4C6A530 /* PhotoSwipeCleanerApp.swift in Sources */,
				0BAD9BA377AD59616941AEFF /* PhotoSwipeView.swift in Sources */,
				3C745896C533FEFD0C6F3E8C /* PhotoSwipeViewModel.swift in Sources */,
				FE6908BADA4DA26D6F3BE091 /* PhotosService.swift in Sources */,
				9DE1D7EF2191579BF9F63D23 /* StatusView.swift in Sources */,
			);
			runOnlyForDeploymentPostprocessing = 0;
		};
		E1600CE6EB5C928AB6A22309 /* Sources */ = {
			isa = PBXSourcesBuildPhase;
			buildActionMask = 2147483647;
			files = (
				AF690FAD868154B8FBDE581C /* PhotoSwipeCleanerUITests.swift in Sources */,
			);
			runOnlyForDeploymentPostprocessing = 0;
		};
/* End PBXSourcesBuildPhase section */

/* Begin PBXTargetDependency section */
		143A90509E01DBD687E2E0BE /* PBXTargetDependency */ = {
			isa = PBXTargetDependency;
			target = 90C6BC90A065FFF2FC5C9650 /* PhotoSwipeCleaner */;
			targetProxy = 0FB790B0FF9D9A3382B7FE59 /* PBXContainerItemProxy */;
		};
		67E8C8C00F95990BACD35402 /* PBXTargetDependency */ = {
			isa = PBXTargetDependency;
			target = 90C6BC90A065FFF2FC5C9650 /* PhotoSwipeCleaner */;
			targetProxy = 33EA539C3FA88197EEB46CC2 /* PBXContainerItemProxy */;
		};
/* End PBXTargetDependency section */

/* Begin XCBuildConfiguration section */
		12B46D16BEE68505FA41255A /* Debug */ = {
			isa = XCBuildConfiguration;
			buildSettings = {
				ALWAYS_SEARCH_USER_PATHS = NO;
				CLANG_ANALYZER_NONNULL = YES;
				CLANG_ANALYZER_NUMBER_OBJECT_CONVERSION = YES_AGGRESSIVE;
				CLANG_CXX_LANGUAGE_STANDARD = "gnu++14";
				CLANG_CXX_LIBRARY = "libc++";
				CLANG_ENABLE_MODULES = YES;
				CLANG_ENABLE_OBJC_ARC = YES;
				CLANG_ENABLE_OBJC_WEAK = YES;
				CLANG_WARN_BLOCK_CAPTURE_AUTORELEASING = YES;
				CLANG_WARN_BOOL_CONVERSION = YES;
				CLANG_WARN_COMMA = YES;
				CLANG_WARN_CONSTANT_CONVERSION = YES;
				CLANG_WARN_DEPRECATED_OBJC_IMPLEMENTATIONS = YES;
				CLANG_WARN_DIRECT_OBJC_ISA_USAGE = YES_ERROR;
				CLANG_WARN_DOCUMENTATION_COMMENTS = YES;
				CLANG_WARN_EMPTY_BODY = YES;
				CLANG_WARN_ENUM_CONVERSION = YES;
				CLANG_WARN_INFINITE_RECURSION = YES;
				CLANG_WARN_INT_CONVERSION = YES;
				CLANG_WARN_NON_LITERAL_NULL_CONVERSION = YES;
				CLANG_WARN_OBJC_IMPLICIT_RETAIN_SELF = YES;
				CLANG_WARN_OBJC_LITERAL_CONVERSION = YES;
				CLANG_WARN_OBJC_ROOT_CLASS = YES_ERROR;
				CLANG_WARN_QUOTED_INCLUDE_IN_FRAMEWORK_HEADER = YES;
				CLANG_WARN_RANGE_LOOP_ANALYSIS = YES;
				CLANG_WARN_STRICT_PROTOTYPES = YES;
				CLANG_WARN_SUSPICIOUS_MOVE = YES;
				CLANG_WARN_UNGUARDED_AVAILABILITY = YES_AGGRESSIVE;
				CLANG_WARN_UNREACHABLE_CODE = YES;
				CLANG_WARN__DUPLICATE_METHOD_MATCH = YES;
				CODE_SIGN_IDENTITY = "-";
				CODE_SIGN_STYLE = Automatic;
				COPY_PHASE_STRIP = NO;
				CURRENT_PROJECT_VERSION = 1;
				DEBUG_INFORMATION_FORMAT = dwarf;
				DEVELOPMENT_TEAM = "";
				ENABLE_STRICT_OBJC_MSGSEND = YES;
				ENABLE_TESTABILITY = YES;
				GCC_C_LANGUAGE_STANDARD = gnu11;
				GCC_DYNAMIC_NO_PIC = NO;
				GCC_NO_COMMON_BLOCKS = YES;
				GCC_OPTIMIZATION_LEVEL = 0;
				GCC_PREPROCESSOR_DEFINITIONS = (
					"$(inherited)",
					"DEBUG=1",
				);
				GCC_WARN_64_TO_32_BIT_CONVERSION = YES;
				GCC_WARN_ABOUT_RETURN_TYPE = YES_ERROR;
				GCC_WARN_UNDECLARED_SELECTOR = YES;
				GCC_WARN_UNINITIALIZED_AUTOS = YES_AGGRESSIVE;
				GCC_WARN_UNUSED_FUNCTION = YES;
				GCC_WARN_UNUSED_VARIABLE = YES;
				IPHONEOS_DEPLOYMENT_TARGET = 17.0;
				MARKETING_VERSION = 1.0;
				MTL_ENABLE_DEBUG_INFO = INCLUDE_SOURCE;
				MTL_FAST_MATH = YES;
				ONLY_ACTIVE_ARCH = YES;
				PRODUCT_NAME = "$(TARGET_NAME)";
				SDKROOT = iphoneos;
				SWIFT_ACTIVE_COMPILATION_CONDITIONS = DEBUG;
				SWIFT_OPTIMIZATION_LEVEL = "-Onone";
				SWIFT_VERSION = 5.0;
			};
			name = Debug;
		};
		4A3C30B66073F432930903A8 /* Release */ = {
			isa = XCBuildConfiguration;
			buildSettings = {
				BUNDLE_LOADER = "$(TEST_HOST)";
				GENERATE_INFOPLIST_FILE = YES;
				LD_RUNPATH_SEARCH_PATHS = (
					"$(inherited)",
					"@executable_path/Frameworks",
					"@loader_path/Frameworks",
				);
				PRODUCT_BUNDLE_IDENTIFIER = com.yw.PhotoSwipeCleanerTests;
				SDKROOT = iphoneos;
				SWIFT_VERSION = 5.0;
				TARGETED_DEVICE_FAMILY = "1,2";
				TEST_HOST = "$(BUILT_PRODUCTS_DIR)/PhotoSwipeCleaner.app/PhotoSwipeCleaner";
			};
			name = Release;
		};
		8980163C127DA311B35BF599 /* Release */ = {
			isa = XCBuildConfiguration;
			buildSettings = {
				BUNDLE_LOADER = "$(TEST_HOST)";
				GENERATE_INFOPLIST_FILE = YES;
				LD_RUNPATH_SEARCH_PATHS = (
					"$(inherited)",
					"@executable_path/Frameworks",
					"@loader_path/Frameworks",
				);
				PRODUCT_BUNDLE_IDENTIFIER = com.yw.PhotoSwipeCleanerUITests;
				SDKROOT = iphoneos;
				SWIFT_VERSION = 5.0;
				TARGETED_DEVICE_FAMILY = "1,2";
				TEST_TARGET_NAME = PhotoSwipeCleaner;
			};
			name = Release;
		};
		9C64FB0FF520F23245719572 /* Debug */ = {
			isa = XCBuildConfiguration;
			buildSettings = {
				ASSETCATALOG_COMPILER_APPICON_NAME = AppIcon;
				CODE_SIGN_IDENTITY = "iPhone Developer";
				ENABLE_PREVIEWS = YES;
				INFOPLIST_FILE = PhotoSwipeCleaner/Info.plist;
				LD_RUNPATH_SEARCH_PATHS = (
					"$(inherited)",
					"@executable_path/Frameworks",
				);
				PRODUCT_BUNDLE_IDENTIFIER = com.yw.PhotoSwipeCleaner;
				PRODUCT_NAME = PhotoSwipeCleaner;
				SDKROOT = iphoneos;
				SWIFT_VERSION = 5.0;
				TARGETED_DEVICE_FAMILY = "1,2";
			};
			name = Debug;
		};
		D47328EE7BE12125461AF850 /* Release */ = {
			isa = XCBuildConfiguration;
			buildSettings = {
				ASSETCATALOG_COMPILER_APPICON_NAME = AppIcon;
				CODE_SIGN_IDENTITY = "iPhone Developer";
				ENABLE_PREVIEWS = YES;
				INFOPLIST_FILE = PhotoSwipeCleaner/Info.plist;
				LD_RUNPATH_SEARCH_PATHS = (
					"$(inherited)",
					"@executable_path/Frameworks",
				);
				PRODUCT_BUNDLE_IDENTIFIER = com.yw.PhotoSwipeCleaner;
				PRODUCT_NAME = PhotoSwipeCleaner;
				SDKROOT = iphoneos;
				SWIFT_VERSION = 5.0;
				TARGETED_DEVICE_FAMILY = "1,2";
			};
			name = Release;
		};
		D4ED8F3BE45A575AC2C9F512 /* Debug */ = {
			isa = XCBuildConfiguration;
			buildSettings = {
				BUNDLE_LOADER = "$(TEST_HOST)";
				GENERATE_INFOPLIST_FILE = YES;
				LD_RUNPATH_SEARCH_PATHS = (
					"$(inherited)",
					"@executable_path/Frameworks",
					"@loader_path/Frameworks",
				);
				PRODUCT_BUNDLE_IDENTIFIER = com.yw.PhotoSwipeCleanerTests;
				SDKROOT = iphoneos;
				SWIFT_VERSION = 5.0;
				TARGETED_DEVICE_FAMILY = "1,2";
				TEST_HOST = "$(BUILT_PRODUCTS_DIR)/PhotoSwipeCleaner.app/PhotoSwipeCleaner";
			};
			name = Debug;
		};
		EE164F8020460AB3432B5D66 /* Release */ = {
			isa = XCBuildConfiguration;
			buildSettings = {
				ALWAYS_SEARCH_USER_PATHS = NO;
				CLANG_ANALYZER_NONNULL = YES;
				CLANG_ANALYZER_NUMBER_OBJECT_CONVERSION = YES_AGGRESSIVE;
				CLANG_CXX_LANGUAGE_STANDARD = "gnu++14";
				CLANG_CXX_LIBRARY = "libc++";
				CLANG_ENABLE_MODULES = YES;
				CLANG_ENABLE_OBJC_ARC = YES;
				CLANG_ENABLE_OBJC_WEAK = YES;
				CLANG_WARN_BLOCK_CAPTURE_AUTORELEASING = YES;
				CLANG_WARN_BOOL_CONVERSION = YES;
				CLANG_WARN_COMMA = YES;
				CLANG_WARN_CONSTANT_CONVERSION = YES;
				CLANG_WARN_DEPRECATED_OBJC_IMPLEMENTATIONS = YES;
				CLANG_WARN_DIRECT_OBJC_ISA_USAGE = YES_ERROR;
				CLANG_WARN_DOCUMENTATION_COMMENTS = YES;
				CLANG_WARN_EMPTY_BODY = YES;
				CLANG_WARN_ENUM_CONVERSION = YES;
				CLANG_WARN_INFINITE_RECURSION = YES;
				CLANG_WARN_INT_CONVERSION = YES;
				CLANG_WARN_NON_LITERAL_NULL_CONVERSION = YES;
				CLANG_WARN_OBJC_IMPLICIT_RETAIN_SELF = YES;
				CLANG_WARN_OBJC_LITERAL_CONVERSION = YES;
				CLANG_WARN_OBJC_ROOT_CLASS = YES_ERROR;
				CLANG_WARN_QUOTED_INCLUDE_IN_FRAMEWORK_HEADER = YES;
				CLANG_WARN_RANGE_LOOP_ANALYSIS = YES;
				CLANG_WARN_STRICT_PROTOTYPES = YES;
				CLANG_WARN_SUSPICIOUS_MOVE = YES;
				CLANG_WARN_UNGUARDED_AVAILABILITY = YES_AGGRESSIVE;
				CLANG_WARN_UNREACHABLE_CODE = YES;
				CLANG_WARN__DUPLICATE_METHOD_MATCH = YES;
				CODE_SIGN_IDENTITY = "-";
				CODE_SIGN_STYLE = Automatic;
				COPY_PHASE_STRIP = NO;
				CURRENT_PROJECT_VERSION = 1;
				DEBUG_INFORMATION_FORMAT = "dwarf-with-dsym";
				DEVELOPMENT_TEAM = "";
				ENABLE_NS_ASSERTIONS = NO;
				ENABLE_STRICT_OBJC_MSGSEND = YES;
				GCC_C_LANGUAGE_STANDARD = gnu11;
				GCC_NO_COMMON_BLOCKS = YES;
				GCC_WARN_64_TO_32_BIT_CONVERSION = YES;
				GCC_WARN_ABOUT_RETURN_TYPE = YES_ERROR;
				GCC_WARN_UNDECLARED_SELECTOR = YES;
				GCC_WARN_UNINITIALIZED_AUTOS = YES_AGGRESSIVE;
				GCC_WARN_UNUSED_FUNCTION = YES;
				GCC_WARN_UNUSED_VARIABLE = YES;
				IPHONEOS_DEPLOYMENT_TARGET = 17.0;
				MARKETING_VERSION = 1.0;
				MTL_ENABLE_DEBUG_INFO = NO;
				MTL_FAST_MATH = YES;
				PRODUCT_NAME = "$(TARGET_NAME)";
				SDKROOT = iphoneos;
				SWIFT_COMPILATION_MODE = wholemodule;
				SWIFT_OPTIMIZATION_LEVEL = "-O";
				SWIFT_VERSION = 5.0;
			};
			name = Release;
		};
		F3BB8EB5D0A9F245E7CFA712 /* Debug */ = {
			isa = XCBuildConfiguration;
			buildSettings = {
				BUNDLE_LOADER = "$(TEST_HOST)";
				GENERATE_INFOPLIST_FILE = YES;
				LD_RUNPATH_SEARCH_PATHS = (
					"$(inherited)",
					"@executable_path/Frameworks",
					"@loader_path/Frameworks",
				);
				PRODUCT_BUNDLE_IDENTIFIER = com.yw.PhotoSwipeCleanerUITests;
				SDKROOT = iphoneos;
				SWIFT_VERSION = 5.0;
				TARGETED_DEVICE_FAMILY = "1,2";
				TEST_TARGET_NAME = PhotoSwipeCleaner;
			};
			name = Debug;
		};
/* End XCBuildConfiguration section */

/* Begin XCConfigurationList section */
		542294B32168C91EA8800699 /* Build configuration list for PBXProject "PhotoSwipeCleaner" */ = {
			isa = XCConfigurationList;
			buildConfigurations = (
				12B46D16BEE68505FA41255A /* Debug */,
				EE164F8020460AB3432B5D66 /* Release */,
			);
			defaultConfigurationIsVisible = 0;
			defaultConfigurationName = Debug;
		};
		6FB1B96AEB4BD2FB58EFD38A /* Build configuration list for PBXNativeTarget "PhotoSwipeCleaner" */ = {
			isa = XCConfigurationList;
			buildConfigurations = (
				9C64FB0FF520F23245719572 /* Debug */,
				D47328EE7BE12125461AF850 /* Release */,
			);
			defaultConfigurationIsVisible = 0;
			defaultConfigurationName = Debug;
		};
		DBA50C67C0D7EE23741AF390 /* Build configuration list for PBXNativeTarget "PhotoSwipeCleanerTests" */ = {
			isa = XCConfigurationList;
			buildConfigurations = (
				D4ED8F3BE45A575AC2C9F512 /* Debug */,
				4A3C30B66073F432930903A8 /* Release */,
			);
			defaultConfigurationIsVisible = 0;
			defaultConfigurationName = Debug;
		};
		FA031B17596921925FE809C4 /* Build configuration list for PBXNativeTarget "PhotoSwipeCleanerUITests" */ = {
			isa = XCConfigurationList;
			buildConfigurations = (
				F3BB8EB5D0A9F245E7CFA712 /* Debug */,
				8980163C127DA311B35BF599 /* Release */,
			);
			defaultConfigurationIsVisible = 0;
			defaultConfigurationName = Debug;
		};
/* End XCConfigurationList section */
	};
	rootObject = 331E358E1BA715F6785ED13B /* Project object */;
}
